// !$*UTF8*$!
{
	archiveVersion = 1;
	classes = {
	};
	objectVersion = 50;
	objects = {

/* Begin PBXBuildFile section */
		3091C80E25156B0400E16861 /* AppDelegate.swift in Sources */ = {isa = PBXBuildFile; fileRef = 3091C80D25156B0400E16861 /* AppDelegate.swift */; };
		3091C81025156B0400E16861 /* SceneDelegate.swift in Sources */ = {isa = PBXBuildFile; fileRef = 3091C80F25156B0400E16861 /* SceneDelegate.swift */; };
		3091C81225156B0400E16861 /* ViewController.swift in Sources */ = {isa = PBXBuildFile; fileRef = 3091C81125156B0400E16861 /* ViewController.swift */; };
		3091C81525156B0400E16861 /* Main.storyboard in Resources */ = {isa = PBXBuildFile; fileRef = 3091C81325156B0400E16861 /* Main.storyboard */; };
		3091C81725156B0600E16861 /* Assets.xcassets in Resources */ = {isa = PBXBuildFile; fileRef = 3091C81625156B0600E16861 /* Assets.xcassets */; };
		3091C81A25156B0600E16861 /* LaunchScreen.storyboard in Resources */ = {isa = PBXBuildFile; fileRef = 3091C81825156B0600E16861 /* LaunchScreen.storyboard */; };
		3091C82525156B0600E16861 /* PassingDataTests.swift in Sources */ = {isa = PBXBuildFile; fileRef = 3091C82425156B0600E16861 /* PassingDataTests.swift */; };
		3091C83025156B0600E16861 /* PassingDataUITests.swift in Sources */ = {isa = PBXBuildFile; fileRef = 3091C82F25156B0600E16861 /* PassingDataUITests.swift */; };
		3091C83E25156C0200E16861 /* SecondViewController.swift in Sources */ = {isa = PBXBuildFile; fileRef = 3091C83D25156C0200E16861 /* SecondViewController.swift */; };
/* End PBXBuildFile section */

/* Begin PBXContainerItemProxy section */
		3091C82125156B0600E16861 /* PBXContainerItemProxy */ = {
			isa = PBXContainerItemProxy;
			containerPortal = 3091C80225156B0400E16861 /* Project object */;
			proxyType = 1;
			remoteGlobalIDString = 3091C80925156B0400E16861;
			remoteInfo = PassingData;
		};
		3091C82C25156B0600E16861 /* PBXContainerItemProxy */ = {
			isa = PBXContainerItemProxy;
			containerPortal = 3091C80225156B0400E16861 /* Project object */;
			proxyType = 1;
			remoteGlobalIDString = 3091C80925156B0400E16861;
			remoteInfo = PassingData;
		};
/* End PBXContainerItemProxy section */

/* Begin PBXFileReference section */
		3091C80A25156B0400E16861 /* PassingData.app */ = {isa = PBXFileReference; explicitFileType = wrapper.application; includeInIndex = 0; path = PassingData.app; sourceTree = BUILT_PRODUCTS_DIR; };
		3091C80D25156B0400E16861 /* AppDelegate.swift */ = {isa = PBXFileReference; lastKnownFileType = sourcecode.swift; path = AppDelegate.swift; sourceTree = "<group>"; };
		3091C80F25156B0400E16861 /* SceneDelegate.swift */ = {isa = PBXFileReference; lastKnownFileType = sourcecode.swift; path = SceneDelegate.swift; sourceTree = "<group>"; };
		3091C81125156B0400E16861 /* ViewController.swift */ = {isa = PBXFileReference; lastKnownFileType = sourcecode.swift; path = ViewController.swift; sourceTree = "<group>"; };
		3091C81425156B0400E16861 /* Base */ = {isa = PBXFileReference; lastKnownFileType = file.storyboard; name = Base; path = Base.lproj/Main.storyboard; sourceTree = "<group>"; };
		3091C81625156B0600E16861 /* Assets.xcassets */ = {isa = PBXFileReference; lastKnownFileType = folder.assetcatalog; path = Assets.xcassets; sourceTree = "<group>"; };
		3091C81925156B0600E16861 /* Base */ = {isa = PBXFileReference; lastKnownFileType = file.storyboard; name = Base; path = Base.lproj/LaunchScreen.storyboard; sourceTree = "<group>"; };
		3091C81B25156B0600E16861 /* Info.plist */ = {isa = PBXFileReference; lastKnownFileType = text.plist.xml; path = Info.plist; sourceTree = "<group>"; };
		3091C82025156B0600E16861 /* PassingDataTests.xctest */ = {isa = PBXFileReference; explicitFileType = wrapper.cfbundle; includeInIndex = 0; path = PassingDataTests.xctest; sourceTree = BUILT_PRODUCTS_DIR; };
		3091C82425156B0600E16861 /* PassingDataTests.swift */ = {isa = PBXFileReference; lastKnownFileType = sourcecode.swift; path = PassingDataTests.swift; sourceTree = "<group>"; };
		3091C82625156B0600E16861 /* Info.plist */ = {isa = PBXFileReference; lastKnownFileType = text.plist.xml; path = Info.plist; sourceTree = "<group>"; };
		3091C82B25156B0600E16861 /* PassingDataUITests.xctest */ = {isa = PBXFileReference; explicitFileType = wrapper.cfbundle; includeInIndex = 0; path = PassingDataUITests.xctest; sourceTree = BUILT_PRODUCTS_DIR; };
		3091C82F25156B0600E16861 /* PassingDataUITests.swift */ = {isa = PBXFileReference; lastKnownFileType = sourcecode.swift; path = PassingDataUITests.swift; sourceTree = "<group>"; };
		3091C83125156B0600E16861 /* Info.plist */ = {isa = PBXFileReference; lastKnownFileType = text.plist.xml; path = Info.plist; sourceTree = "<group>"; };
		3091C83D25156C0200E16861 /* SecondViewController.swift */ = {isa = PBXFileReference; lastKnownFileType = sourcecode.swift; path = SecondViewController.swift; sourceTree = "<group>"; };
/* End PBXFileReference section */

/* Begin PBXFrameworksBuildPhase section */
		3091C80725156B0400E16861 /* Frameworks */ = {
			isa = PBXFrameworksBuildPhase;
			buildActionMask = 2147483647;
			files = (
			);
			runOnlyForDeploymentPostprocessing = 0;
		};
		3091C81D25156B0600E16861 /* Frameworks */ = {
			isa = PBXFrameworksBuildPhase;
			buildActionMask = 2147483647;
			files = (
			);
			runOnlyForDeploymentPostprocessing = 0;
		};
		3091C82825156B0600E16861 /* Frameworks */ = {
			isa = PBXFrameworksBuildPhase;
			buildActionMask = 2147483647;
			files = (
			);
			runOnlyForDeploymentPostprocessing = 0;
		};
/* End PBXFrameworksBuildPhase section */

/* Begin PBXGroup section */
		3091C80125156B0400E16861 = {
			isa = PBXGroup;
			children = (
				3091C80C25156B0400E16861 /* PassingData */,
				3091C82325156B0600E16861 /* PassingDataTests */,
				3091C82E25156B0600E16861 /* PassingDataUITests */,
				3091C80B25156B0400E16861 /* Products */,
			);
			sourceTree = "<group>";
		};
		3091C80B25156B0400E16861 /* Products */ = {
			isa = PBXGroup;
			children = (
				3091C80A25156B0400E16861 /* PassingData.app */,
				3091C82025156B0600E16861 /* PassingDataTests.xctest */,
				3091C82B25156B0600E16861 /* PassingDataUITests.xctest */,
			);
			name = Products;
			sourceTree = "<group>";
		};
		3091C80C25156B0400E16861 /* PassingData */ = {
			isa = PBXGroup;
			children = (
				3091C80D25156B0400E16861 /* AppDelegate.swift */,
				3091C80F25156B0400E16861 /* SceneDelegate.swift */,
				3091C81125156B0400E16861 /* ViewController.swift */,
				3091C81325156B0400E16861 /* Main.storyboard */,
				3091C81625156B0600E16861 /* Assets.xcassets */,
				3091C81825156B0600E16861 /* LaunchScreen.storyboard */,
				3091C81B25156B0600E16861 /* Info.plist */,
				3091C83D25156C0200E16861 /* SecondViewController.swift */,
			);
			path = PassingData;
			sourceTree = "<group>";
		};
		3091C82325156B0600E16861 /* PassingDataTests */ = {
			isa = PBXGroup;
			children = (
				3091C82425156B0600E16861 /* PassingDataTests.swift */,
				3091C82625156B0600E16861 /* Info.plist */,
			);
			path = PassingDataTests;
			sourceTree = "<group>";
		};
		3091C82E25156B0600E16861 /* PassingDataUITests */ = {
			isa = PBXGroup;
			children = (
				3091C82F25156B0600E16861 /* PassingDataUITests.swift */,
				3091C83125156B0600E16861 /* Info.plist */,
			);
			path = PassingDataUITests;
			sourceTree = "<group>";
		};
/* End PBXGroup section */

/* Begin PBXNativeTarget section */
		3091C80925156B0400E16861 /* PassingData */ = {
			isa = PBXNativeTarget;
			buildConfigurationList = 3091C83425156B0600E16861 /* Build configuration list for PBXNativeTarget "PassingData" */;
			buildPhases = (
				3091C80625156B0400E16861 /* Sources */,
				3091C80725156B0400E16861 /* Frameworks */,
				3091C80825156B0400E16861 /* Resources */,
			);
			buildRules = (
			);
			dependencies = (
			);
			name = PassingData;
			productName = PassingData;
			productReference = 3091C80A25156B0400E16861 /* PassingData.app */;
			productType = "com.apple.product-type.application";
		};
		3091C81F25156B0600E16861 /* PassingDataTests */ = {
			isa = PBXNativeTarget;
			buildConfigurationList = 3091C83725156B0600E16861 /* Build configuration list for PBXNativeTarget "PassingDataTests" */;
			buildPhases = (
				3091C81C25156B0600E16861 /* Sources */,
				3091C81D25156B0600E16861 /* Frameworks */,
				3091C81E25156B0600E16861 /* Resources */,
			);
			buildRules = (
			);
			dependencies = (
				3091C82225156B0600E16861 /* PBXTargetDependency */,
			);
			name = PassingDataTests;
			productName = PassingDataTests;
			productReference = 3091C82025156B0600E16861 /* PassingDataTests.xctest */;
			productType = "com.apple.product-type.bundle.unit-test";
		};
		3091C82A25156B0600E16861 /* PassingDataUITests */ = {
			isa = PBXNativeTarget;
			buildConfigurationList = 3091C83A25156B0600E16861 /* Build configuration list for PBXNativeTarget "PassingDataUITests" */;
			buildPhases = (
				3091C82725156B0600E16861 /* Sources */,
				3091C82825156B0600E16861 /* Frameworks */,
				3091C82925156B0600E16861 /* Resources */,
			);
			buildRules = (
			);
			dependencies = (
				3091C82D25156B0600E16861 /* PBXTargetDependency */,
			);
			name = PassingDataUITests;
			productName = PassingDataUITests;
			productReference = 3091C82B25156B0600E16861 /* PassingDataUITests.xctest */;
			productType = "com.apple.product-type.bundle.ui-testing";
		};
/* End PBXNativeTarget section */

/* Begin PBXProject section */
		3091C80225156B0400E16861 /* Project object */ = {
			isa = PBXProject;
			attributes = {
				LastSwiftUpdateCheck = 1140;
				LastUpgradeCheck = 1140;
				ORGANIZATIONNAME = BIM;
				TargetAttributes = {
					3091C80925156B0400E16861 = {
						CreatedOnToolsVersion = 11.4;
					};
					3091C81F25156B0600E16861 = {
						CreatedOnToolsVersion = 11.4;
						TestTargetID = 3091C80925156B0400E16861;
					};
					3091C82A25156B0600E16861 = {
						CreatedOnToolsVersion = 11.4;
						TestTargetID = 3091C80925156B0400E16861;
					};
				};
			};
			buildConfigurationList = 3091C80525156B0400E16861 /* Build configuration list for PBXProject "PassingData" */;
			compatibilityVersion = "Xcode 9.3";
			developmentRegion = en;
			hasScannedForEncodings = 0;
			knownRegions = (
				en,
				Base,
			);
			mainGroup = 3091C80125156B0400E16861;
			productRefGroup = 3091C80B25156B0400E16861 /* Products */;
			projectDirPath = "";
			projectRoot = "";
			targets = (
				3091C80925156B0400E16861 /* PassingData */,
				3091C81F25156B0600E16861 /* PassingDataTests */,
				3091C82A25156B0600E16861 /* PassingDataUITests */,
			);
		};
/* End PBXProject section */

/* Begin PBXResourcesBuildPhase section */
		3091C80825156B0400E16861 /* Resources */ = {
			isa = PBXResourcesBuildPhase;
			buildActionMask = 2147483647;
			files = (
				3091C81A25156B0600E16861 /* LaunchScreen.storyboard in Resources */,
				3091C81725156B0600E16861 /* Assets.xcassets in Resources */,
				3091C81525156B0400E16861 /* Main.storyboard in Resources */,
			);
			runOnlyForDeploymentPostprocessing = 0;
		};
		3091C81E25156B0600E16861 /* Resources */ = {
			isa = PBXResourcesBuildPhase;
			buildActionMask = 2147483647;
			files = (
			);
			runOnlyForDeploymentPostprocessing = 0;
		};
		3091C82925156B0600E16861 /* Resources */ = {
			isa = PBXResourcesBuildPhase;
			buildActionMask = 2147483647;
			files = (
			);
			runOnlyForDeploymentPostprocessing = 0;
		};
/* End PBXResourcesBuildPhase section */

/* Begin PBXSourcesBuildPhase section */
		3091C80625156B0400E16861 /* Sources */ = {
			isa = PBXSourcesBuildPhase;
			buildActionMask = 2147483647;
			files = (
				3091C83E25156C0200E16861 /* SecondViewController.swift in Sources */,
				3091C81225156B0400E16861 /* ViewController.swift in Sources */,
				3091C80E25156B0400E16861 /* AppDelegate.swift in Sources */,
				3091C81025156B0400E16861 /* SceneDelegate.swift in Sources */,
			);
			runOnlyForDeploymentPostprocessing = 0;
		};
		3091C81C25156B0600E16861 /* Sources */ = {
			isa = PBXSourcesBuildPhase;
			buildActionMask = 2147483647;
			files = (
				3091C82525156B0600E16861 /* PassingDataTests.swift in Sources */,
			);
			runOnlyForDeploymentPostprocessing = 0;
		};
		3091C82725156B0600E16861 /* Sources */ = {
			isa = PBXSourcesBuildPhase;
			buildActionMask = 2147483647;
			files = (
				3091C83025156B0600E16861 /* PassingDataUITests.swift in Sources */,
			);
			runOnlyForDeploymentPostprocessing = 0;
		};
/* End PBXSourcesBuildPhase section */

/* Begin PBXTargetDependency section */
		3091C82225156B0600E16861 /* PBXTargetDependency */ = {
			isa = PBXTargetDependency;
			target = 3091C80925156B0400E16861 /* PassingData */;
			targetProxy = 3091C82125156B0600E16861 /* PBXContainerItemProxy */;
		};
		3091C82D25156B0600E16861 /* PBXTargetDependency */ = {
			isa = PBXTargetDependency;
			target = 3091C80925156B0400E16861 /* PassingData */;
			targetProxy = 3091C82C25156B0600E16861 /* PBXContainerItemProxy */;
		};
/* End PBXTargetDependency section */

/* Begin PBXVariantGroup section */
		3091C81325156B0400E16861 /* Main.storyboard */ = {
			isa = PBXVariantGroup;
			children = (
				3091C81425156B0400E16861 /* Base */,
			);
			name = Main.storyboard;
			sourceTree = "<group>";
		};
		3091C81825156B0600E16861 /* LaunchScreen.storyboard */ = {
			isa = PBXVariantGroup;
			children = (
				3091C81925156B0600E16861 /* Base */,
			);
			name = LaunchScreen.storyboard;
			sourceTree = "<group>";
		};
/* End PBXVariantGroup section */

/* Begin XCBuildConfiguration section */
		3091C83225156B0600E16861 /* Debug */ = {
			isa = XCBuildConfiguration;
			buildSettings = {
				ALWAYS_SEARCH_USER_PATHS = NO;
				CLANG_ANALYZER_NONNULL = YES;
				CLANG_ANALYZER_NUMBER_OBJECT_CONVERSION = YES_AGGRESSIVE;
				CLANG_CXX_LANGUAGE_STANDARD = "gnu++14";
				CLANG_CXX_LIBRARY = "libc++";
				CLANG_ENABLE_MODULES = YES;
				CLANG_ENABLE_OBJC_ARC = YES;
				CLANG_ENABLE_OBJC_WEAK = YES;
				CLANG_WARN_BLOCK_CAPTURE_AUTORELEASING = YES;
				CLANG_WARN_BOOL_CONVERSION = YES;
				CLANG_WARN_COMMA = YES;
				CLANG_WARN_CONSTANT_CONVERSION = YES;
				CLANG_WARN_DEPRECATED_OBJC_IMPLEMENTATIONS = YES;
				CLANG_WARN_DIRECT_OBJC_ISA_USAGE = YES_ERROR;
				CLANG_WARN_DOCUMENTATION_COMMENTS = YES;
				CLANG_WARN_EMPTY_BODY = YES;
				CLANG_WARN_ENUM_CONVERSION = YES;
				CLANG_WARN_INFINITE_RECURSION = YES;
				CLANG_WARN_INT_CONVERSION = YES;
				CLANG_WARN_NON_LITERAL_NULL_CONVERSION = YES;
				CLANG_WARN_OBJC_IMPLICIT_RETAIN_SELF = YES;
				CLANG_WARN_OBJC_LITERAL_CONVERSION = YES;
				CLANG_WARN_OBJC_ROOT_CLASS = YES_ERROR;
				CLANG_WARN_RANGE_LOOP_ANALYSIS = YES;
				CLANG_WARN_STRICT_PROTOTYPES = YES;
				CLANG_WARN_SUSPICIOUS_MOVE = YES;
				CLANG_WARN_UNGUARDED_AVAILABILITY = YES_AGGRESSIVE;
				CLANG_WARN_UNREACHABLE_CODE = YES;
				CLANG_WARN__DUPLICATE_METHOD_MATCH = YES;
				COPY_PHASE_STRIP = NO;
				DEBUG_INFORMATION_FORMAT = dwarf;
				ENABLE_STRICT_OBJC_MSGSEND = YES;
				ENABLE_TESTABILITY = YES;
				GCC_C_LANGUAGE_STANDARD = gnu11;
				GCC_DYNAMIC_NO_PIC = NO;
				GCC_NO_COMMON_BLOCKS = YES;
				GCC_OPTIMIZATION_LEVEL = 0;
				GCC_PREPROCESSOR_DEFINITIONS = (
					"DEBUG=1",
					"$(inherited)",
				);
				GCC_WARN_64_TO_32_BIT_CONVERSION = YES;
				GCC_WARN_ABOUT_RETURN_TYPE = YES_ERROR;
				GCC_WARN_UNDECLARED_SELECTOR = YES;
				GCC_WARN_UNINITIALIZED_AUTOS = YES_AGGRESSIVE;
				GCC_WARN_UNUSED_FUNCTION = YES;
				GCC_WARN_UNUSED_VARIABLE = YES;
				IPHONEOS_DEPLOYMENT_TARGET = 13.4;
				MTL_ENABLE_DEBUG_INFO = INCLUDE_SOURCE;
				MTL_FAST_MATH = YES;
				ONLY_ACTIVE_ARCH = YES;
				SDKROOT = iphoneos;
				SWIFT_ACTIVE_COMPILATION_CONDITIONS = DEBUG;
				SWIFT_OPTIMIZATION_LEVEL = "-Onone";
			};
			name = Debug;
		};
		3091C83325156B0600E16861 /* Release */ = {
			isa = XCBuildConfiguration;
			buildSettings = {
				ALWAYS_SEARCH_USER_PATHS = NO;
				CLANG_ANALYZER_NONNULL = YES;
				CLANG_ANALYZER_NUMBER_OBJECT_CONVERSION = YES_AGGRESSIVE;
				CLANG_CXX_LANGUAGE_STANDARD = "gnu++14";
				CLANG_CXX_LIBRARY = "libc++";
				CLANG_ENABLE_MODULES = YES;
				CLANG_ENABLE_OBJC_ARC = YES;
				CLANG_ENABLE_OBJC_WEAK = YES;
				CLANG_WARN_BLOCK_CAPTURE_AUTORELEASING = YES;
				CLANG_WARN_BOOL_CONVERSION = YES;
				CLANG_WARN_COMMA = YES;
				CLANG_WARN_CONSTANT_CONVERSION = YES;
				CLANG_WARN_DEPRECATED_OBJC_IMPLEMENTATIONS = YES;
				CLANG_WARN_DIRECT_OBJC_ISA_USAGE = YES_ERROR;
				CLANG_WARN_DOCUMENTATION_COMMENTS = YES;
				CLANG_WARN_EMPTY_BODY = YES;
				CLANG_WARN_ENUM_CONVERSION = YES;
				CLANG_WARN_INFINITE_RECURSION = YES;
				CLANG_WARN_INT_CONVERSION = YES;
				CLANG_WARN_NON_LITERAL_NULL_CONVERSION = YES;
				CLANG_WARN_OBJC_IMPLICIT_RETAIN_SELF = YES;
				CLANG_WARN_OBJC_LITERAL_CONVERSION = YES;
				CLANG_WARN_OBJC_ROOT_CLASS = YES_ERROR;
				CLANG_WARN_RANGE_LOOP_ANALYSIS = YES;
				CLANG_WARN_STRICT_PROTOTYPES = YES;
				CLANG_WARN_SUSPICIOUS_MOVE = YES;
				CLANG_WARN_UNGUARDED_AVAILABILITY = YES_AGGRESSIVE;
				CLANG_WARN_UNREACHABLE_CODE = YES;
				CLANG_WARN__DUPLICATE_METHOD_MATCH = YES;
				COPY_PHASE_STRIP = NO;
				DEBUG_INFORMATION_FORMAT = "dwarf-with-dsym";
				ENABLE_NS_ASSERTIONS = NO;
				ENABLE_STRICT_OBJC_MSGSEND = YES;
				GCC_C_LANGUAGE_STANDARD = gnu11;
				GCC_NO_COMMON_BLOCKS = YES;
				GCC_WARN_64_TO_32_BIT_CONVERSION = YES;
				GCC_WARN_ABOUT_RETURN_TYPE = YES_ERROR;
				GCC_WARN_UNDECLARED_SELECTOR = YES;
				GCC_WARN_UNINITIALIZED_AUTOS = YES_AGGRESSIVE;
				GCC_WARN_UNUSED_FUNCTION = YES;
				GCC_WARN_UNUSED_VARIABLE = YES;
				IPHONEOS_DEPLOYMENT_TARGET = 13.4;
				MTL_ENABLE_DEBUG_INFO = NO;
				MTL_FAST_MATH = YES;
				SDKROOT = iphoneos;
				SWIFT_COMPILATION_MODE = wholemodule;
				SWIFT_OPTIMIZATION_LEVEL = "-O";
				VALIDATE_PRODUCT = YES;
			};
			name = Release;
		};
		3091C83525156B0600E16861 /* Debug */ = {
			isa = XCBuildConfiguration;
			buildSettings = {
				ASSETCATALOG_COMPILER_APPICON_NAME = AppIcon;
				CODE_SIGN_STYLE = Automatic;
				INFOPLIST_FILE = PassingData/Info.plist;
				LD_RUNPATH_SEARCH_PATHS = (
					"$(inherited)",
					"@executable_path/Frameworks",
				);
				PRODUCT_BUNDLE_IDENTIFIER = com.Webservice.PassingData;
				PRODUCT_NAME = "$(TARGET_NAME)";
				SWIFT_VERSION = 5.0;
				TARGETED_DEVICE_FAMILY = "1,2";
			};
			name = Debug;
		};
		3091C83625156B0600E16861 /* Release */ = {
			isa = XCBuildConfiguration;
			buildSettings = {
				ASSETCATALOG_COMPILER_APPICON_NAME = AppIcon;
				CODE_SIGN_STYLE = Automatic;
				INFOPLIST_FILE = PassingData/Info.plist;
				LD_RUNPATH_SEARCH_PATHS = (
					"$(inherited)",
					"@executable_path/Frameworks",
				);
				PRODUCT_BUNDLE_IDENTIFIER = com.Webservice.PassingData;
				PRODUCT_NAME = "$(TARGET_NAME)";
				SWIFT_VERSION = 5.0;
				TARGETED_DEVICE_FAMILY = "1,2";
			};
			name = Release;
		};
		3091C83825156B0600E16861 /* Debug */ = {
			isa = XCBuildConfiguration;
			buildSettings = {
				ALWAYS_EMBED_SWIFT_STANDARD_LIBRARIES = YES;
				BUNDLE_LOADER = "$(TEST_HOST)";
				CODE_SIGN_STYLE = Automatic;
				INFOPLIST_FILE = PassingDataTests/Info.plist;
				IPHONEOS_DEPLOYMENT_TARGET = 13.4;
				LD_RUNPATH_SEARCH_PATHS = (
					"$(inherited)",
					"@executable_path/Frameworks",
					"@loader_path/Frameworks",
				);
				PRODUCT_BUNDLE_IDENTIFIER = com.Webservice.PassingDataTests;
				PRODUCT_NAME = "$(TARGET_NAME)";
				SWIFT_VERSION = 5.0;
				TARGETED_DEVICE_FAMILY = "1,2";
				TEST_HOST = "$(BUILT_PRODUCTS_DIR)/PassingData.app/PassingData";
			};
			name = Debug;
		};
		3091C83925156B0600E16861 /* Release */ = {
			isa = XCBuildConfiguration;
			buildSettings = {
				ALWAYS_EMBED_SWIFT_STANDARD_LIBRARIES = YES;
				BUNDLE_LOADER = "$(TEST_HOST)";
				CODE_SIGN_STYLE = Automatic;
				INFOPLIST_FILE = PassingDataTests/Info.plist;
				IPHONEOS_DEPLOYMENT_TARGET = 13.4;
				LD_RUNPATH_SEARCH_PATHS = (
					"$(inherited)",
					"@executable_path/Frameworks",
					"@loader_path/Frameworks",
				);
				PRODUCT_BUNDLE_IDENTIFIER = com.Webservice.PassingDataTests;
				PRODUCT_NAME = "$(TARGET_NAME)";
				SWIFT_VERSION = 5.0;
				TARGETED_DEVICE_FAMILY = "1,2";
				TEST_HOST = "$(BUILT_PRODUCTS_DIR)/PassingData.app/PassingData";
			};
			name = Release;
		};
		3091C83B25156B0600E16861 /* Debug */ = {
			isa = XCBuildConfiguration;
			buildSettings = {
				ALWAYS_EMBED_SWIFT_STANDARD_LIBRARIES = YES;
				CODE_SIGN_STYLE = Automatic;
				INFOPLIST_FILE = PassingDataUITests/Info.plist;
				LD_RUNPATH_SEARCH_PATHS = (
					"$(inherited)",
					"@executable_path/Frameworks",
					"@loader_path/Frameworks",
				);
				PRODUCT_BUNDLE_IDENTIFIER = com.Webservice.PassingDataUITests;
				PRODUCT_NAME = "$(TARGET_NAME)";
				SWIFT_VERSION = 5.0;
				TARGETED_DEVICE_FAMILY = "1,2";
				TEST_TARGET_NAME = PassingData;
			};
			name = Debug;
		};
		3091C83C25156B0600E16861 /* Release */ = {
			isa = XCBuildConfiguration;
			buildSettings = {
				ALWAYS_EMBED_SWIFT_STANDARD_LIBRARIES = YES;
				CODE_SIGN_STYLE = Automatic;
				INFOPLIST_FILE = PassingDataUITests/Info.plist;
				LD_RUNPATH_SEARCH_PATHS = (
					"$(inherited)",
					"@executable_path/Frameworks",
					"@loader_path/Frameworks",
				);
				PRODUCT_BUNDLE_IDENTIFIER = com.Webservice.PassingDataUITests;
				PRODUCT_NAME = "$(TARGET_NAME)";
				SWIFT_VERSION = 5.0;
				TARGETED_DEVICE_FAMILY = "1,2";
				TEST_TARGET_NAME = PassingData;
			};
			name = Release;
		};
/* End XCBuildConfiguration section */

/* Begin XCConfigurationList section */
		3091C80525156B0400E16861 /* Build configuration list for PBXProject "PassingData" */ = {
			isa = XCConfigurationList;
			buildConfigurations = (
				3091C83225156B0600E16861 /* Debug */,
				3091C83325156B0600E16861 /* Release */,
			);
			defaultConfigurationIsVisible = 0;
			defaultConfigurationName = Release;
		};
		3091C83425156B0600E16861 /* Build configuration list for PBXNativeTarget "PassingData" */ = {
			isa = XCConfigurationList;
			buildConfigurations = (
				3091C83525156B0600E16861 /* Debug */,
				3091C83625156B0600E16861 /* Release */,
			);
			defaultConfigurationIsVisible = 0;
			defaultConfigurationName = Release;
		};
		3091C83725156B0600E16861 /* Build configuration list for PBXNativeTarget "PassingDataTests" */ = {
			isa = XCConfigurationList;
			buildConfigurations = (
				3091C83825156B0600E16861 /* Debug */,
				3091C83925156B0600E16861 /* Release */,
			);
			defaultConfigurationIsVisible = 0;
			defaultConfigurationName = Release;
		};
		3091C83A25156B0600E16861 /* Build configuration list for PBXNativeTarget "PassingDataUITests" */ = {
			isa = XCConfigurationList;
			buildConfigurations = (
				3091C83B25156B0600E16861 /* Debug */,
				3091C83C25156B0600E16861 /* Release */,
			);
			defaultConfigurationIsVisible = 0;
			defaultConfigurationName = Release;
		};
/* End XCConfigurationList section */
	};
	rootObject = 3091C80225156B0400E16861 /* Project object */;
}
